// !$*UTF8*$!
{
	archiveVersion = 1;
	classes = {
	};
	objectVersion = 46;
	objects = {

/* Begin PBXBuildFile section */
		228346331F0D3DC300BC84B9 /* AppDelegate.swift in Sources */ = {isa = PBXBuildFile; fileRef = 228346321F0D3DC300BC84B9 /* AppDelegate.swift */; };
		228346351F0D3DC300BC84B9 /* ViewController.swift in Sources */ = {isa = PBXBuildFile; fileRef = 228346341F0D3DC300BC84B9 /* ViewController.swift */; };
		228346381F0D3DC300BC84B9 /* Main.storyboard in Resources */ = {isa = PBXBuildFile; fileRef = 228346361F0D3DC300BC84B9 /* Main.storyboard */; };
		2283463A1F0D3DC300BC84B9 /* Assets.xcassets in Resources */ = {isa = PBXBuildFile; fileRef = 228346391F0D3DC300BC84B9 /* Assets.xcassets */; };
		2283463D1F0D3DC300BC84B9 /* LaunchScreen.storyboard in Resources */ = {isa = PBXBuildFile; fileRef = 2283463B1F0D3DC300BC84B9 /* LaunchScreen.storyboard */; };
		228346451F0D42F100BC84B9 /* pokemon.csv in Resources */ = {isa = PBXBuildFile; fileRef = 228346441F0D42F100BC84B9 /* pokemon.csv */; };
		228346481F0D43FF00BC84B9 /* Pokemon.swift in Sources */ = {isa = PBXBuildFile; fileRef = 228346471F0D43FF00BC84B9 /* Pokemon.swift */; };
		2283464B1F0D48F500BC84B9 /* PokeCell.swift in Sources */ = {isa = PBXBuildFile; fileRef = 2283464A1F0D48F500BC84B9 /* PokeCell.swift */; };
		2283464D1F0D512E00BC84B9 /* csv.swift in Sources */ = {isa = PBXBuildFile; fileRef = 2283464C1F0D512E00BC84B9 /* csv.swift */; };
		2283464F1F0D54EA00BC84B9 /* pokemon.ttf in Resources */ = {isa = PBXBuildFile; fileRef = 2283464E1F0D54EA00BC84B9 /* pokemon.ttf */; };
		228346541F0D569B00BC84B9 /* music.mp3 in Resources */ = {isa = PBXBuildFile; fileRef = 228346531F0D569B00BC84B9 /* music.mp3 */; };
		228346561F0D61EE00BC84B9 /* PokemonDetailVC.swift in Sources */ = {isa = PBXBuildFile; fileRef = 228346551F0D61EE00BC84B9 /* PokemonDetailVC.swift */; };
		228346581F0FC88600BC84B9 /* Constants.swift in Sources */ = {isa = PBXBuildFile; fileRef = 228346571F0FC88600BC84B9 /* Constants.swift */; };
		4BAEF86C68D520A010F7F0B6 /* Pods_Pokedex.framework in Frameworks */ = {isa = PBXBuildFile; fileRef = F38F8EA36E0DEE75D6A3DD9A /* Pods_Pokedex.framework */; };
/* End PBXBuildFile section */

/* Begin PBXFileReference section */
		2283462F1F0D3DC300BC84B9 /* Pokedex.app */ = {isa = PBXFileReference; explicitFileType = wrapper.application; includeInIndex = 0; path = Pokedex.app; sourceTree = BUILT_PRODUCTS_DIR; };
		228346321F0D3DC300BC84B9 /* AppDelegate.swift */ = {isa = PBXFileReference; lastKnownFileType = sourcecode.swift; path = AppDelegate.swift; sourceTree = "<group>"; };
		228346341F0D3DC300BC84B9 /* ViewController.swift */ = {isa = PBXFileReference; lastKnownFileType = sourcecode.swift; path = ViewController.swift; sourceTree = "<group>"; };
		228346371F0D3DC300BC84B9 /* Base */ = {isa = PBXFileReference; lastKnownFileType = file.storyboard; name = Base; path = Base.lproj/Main.storyboard; sourceTree = "<group>"; };
		228346391F0D3DC300BC84B9 /* Assets.xcassets */ = {isa = PBXFileReference; lastKnownFileType = folder.assetcatalog; path = Assets.xcassets; sourceTree = "<group>"; };
		2283463C1F0D3DC300BC84B9 /* Base */ = {isa = PBXFileReference; lastKnownFileType = file.storyboard; name = Base; path = Base.lproj/LaunchScreen.storyboard; sourceTree = "<group>"; };
		2283463E1F0D3DC300BC84B9 /* Info.plist */ = {isa = PBXFileReference; lastKnownFileType = text.plist.xml; path = Info.plist; sourceTree = "<group>"; };
		228346441F0D42F100BC84B9 /* pokemon.csv */ = {isa = PBXFileReference; fileEncoding = 4; lastKnownFileType = text; path = pokemon.csv; sourceTree = "<group>"; };
		228346471F0D43FF00BC84B9 /* Pokemon.swift */ = {isa = PBXFileReference; fileEncoding = 4; lastKnownFileType = sourcecode.swift; path = Pokemon.swift; sourceTree = "<group>"; };
		2283464A1F0D48F500BC84B9 /* PokeCell.swift */ = {isa = PBXFileReference; fileEncoding = 4; lastKnownFileType = sourcecode.swift; path = PokeCell.swift; sourceTree = "<group>"; };
		2283464C1F0D512E00BC84B9 /* csv.swift */ = {isa = PBXFileReference; fileEncoding = 4; lastKnownFileType = sourcecode.swift; path = csv.swift; sourceTree = "<group>"; };
		2283464E1F0D54EA00BC84B9 /* pokemon.ttf */ = {isa = PBXFileReference; lastKnownFileType = file; path = pokemon.ttf; sourceTree = "<group>"; };
		228346531F0D569B00BC84B9 /* music.mp3 */ = {isa = PBXFileReference; lastKnownFileType = audio.mp3; path = music.mp3; sourceTree = "<group>"; };
		228346551F0D61EE00BC84B9 /* PokemonDetailVC.swift */ = {isa = PBXFileReference; fileEncoding = 4; lastKnownFileType = sourcecode.swift; path = PokemonDetailVC.swift; sourceTree = "<group>"; };
		228346571F0FC88600BC84B9 /* Constants.swift */ = {isa = PBXFileReference; fileEncoding = 4; lastKnownFileType = sourcecode.swift; path = Constants.swift; sourceTree = "<group>"; };
		52B8A640455EC73257A4FD4D /* Pods-Pokedex.debug.xcconfig */ = {isa = PBXFileReference; includeInIndex = 1; lastKnownFileType = text.xcconfig; name = "Pods-Pokedex.debug.xcconfig"; path = "Pods/Target Support Files/Pods-Pokedex/Pods-Pokedex.debug.xcconfig"; sourceTree = "<group>"; };
		9B9DADEE14E8D506DB17571B /* Pods-Pokedex.release.xcconfig */ = {isa = PBXFileReference; includeInIndex = 1; lastKnownFileType = text.xcconfig; name = "Pods-Pokedex.release.xcconfig"; path = "Pods/Target Support Files/Pods-Pokedex/Pods-Pokedex.release.xcconfig"; sourceTree = "<group>"; };
		F38F8EA36E0DEE75D6A3DD9A /* Pods_Pokedex.framework */ = {isa = PBXFileReference; explicitFileType = wrapper.framework; includeInIndex = 0; path = Pods_Pokedex.framework; sourceTree = BUILT_PRODUCTS_DIR; };
/* End PBXFileReference section */

/* Begin PBXFrameworksBuildPhase section */
		2283462C1F0D3DC300BC84B9 /* Frameworks */ = {
			isa = PBXFrameworksBuildPhase;
			buildActionMask = 2147483647;
			files = (
				4BAEF86C68D520A010F7F0B6 /* Pods_Pokedex.framework in Frameworks */,
			);
			runOnlyForDeploymentPostprocessing = 0;
		};
/* End PBXFrameworksBuildPhase section */

/* Begin PBXGroup section */
		228346261F0D3DC300BC84B9 = {
			isa = PBXGroup;
			children = (
				228346311F0D3DC300BC84B9 /* Pokedex */,
				228346301F0D3DC300BC84B9 /* Products */,
				9CD010E9873D591E0F2CBCED /* Pods */,
				AC223E6B10186C19500B7503 /* Frameworks */,
			);
			sourceTree = "<group>";
		};
		228346301F0D3DC300BC84B9 /* Products */ = {
			isa = PBXGroup;
			children = (
				2283462F1F0D3DC300BC84B9 /* Pokedex.app */,
			);
			name = Products;
			sourceTree = "<group>";
		};
		228346311F0D3DC300BC84B9 /* Pokedex */ = {
			isa = PBXGroup;
			children = (
				228346461F0D43ED00BC84B9 /* Model */,
				228346491F0D48D300BC84B9 /* View */,
				228346501F0D54FD00BC84B9 /* Controller */,
				228346511F0D550900BC84B9 /* Resources */,
				228346521F0D552100BC84B9 /* Utilities */,
				228346321F0D3DC300BC84B9 /* AppDelegate.swift */,
				228346361F0D3DC300BC84B9 /* Main.storyboard */,
				228346391F0D3DC300BC84B9 /* Assets.xcassets */,
				2283463B1F0D3DC300BC84B9 /* LaunchScreen.storyboard */,
				2283463E1F0D3DC300BC84B9 /* Info.plist */,
			);
			path = Pokedex;
			sourceTree = "<group>";
		};
		228346461F0D43ED00BC84B9 /* Model */ = {
			isa = PBXGroup;
			children = (
				228346471F0D43FF00BC84B9 /* Pokemon.swift */,
			);
			name = Model;
			sourceTree = "<group>";
		};
		228346491F0D48D300BC84B9 /* View */ = {
			isa = PBXGroup;
			children = (
				2283464A1F0D48F500BC84B9 /* PokeCell.swift */,
			);
			name = View;
			sourceTree = "<group>";
		};
		228346501F0D54FD00BC84B9 /* Controller */ = {
			isa = PBXGroup;
			children = (
				228346341F0D3DC300BC84B9 /* ViewController.swift */,
				228346551F0D61EE00BC84B9 /* PokemonDetailVC.swift */,
			);
			name = Controller;
			sourceTree = "<group>";
		};
		228346511F0D550900BC84B9 /* Resources */ = {
			isa = PBXGroup;
			children = (
				228346441F0D42F100BC84B9 /* pokemon.csv */,
				2283464E1F0D54EA00BC84B9 /* pokemon.ttf */,
				228346531F0D569B00BC84B9 /* music.mp3 */,
			);
			name = Resources;
			sourceTree = "<group>";
		};
		228346521F0D552100BC84B9 /* Utilities */ = {
			isa = PBXGroup;
			children = (
				2283464C1F0D512E00BC84B9 /* csv.swift */,
				228346571F0FC88600BC84B9 /* Constants.swift */,
			);
			name = Utilities;
			sourceTree = "<group>";
		};
		9CD010E9873D591E0F2CBCED /* Pods */ = {
			isa = PBXGroup;
			children = (
				52B8A640455EC73257A4FD4D /* Pods-Pokedex.debug.xcconfig */,
				9B9DADEE14E8D506DB17571B /* Pods-Pokedex.release.xcconfig */,
			);
			name = Pods;
			sourceTree = "<group>";
		};
		AC223E6B10186C19500B7503 /* Frameworks */ = {
			isa = PBXGroup;
			children = (
				F38F8EA36E0DEE75D6A3DD9A /* Pods_Pokedex.framework */,
			);
			name = Frameworks;
			sourceTree = "<group>";
		};
/* End PBXGroup section */

/* Begin PBXNativeTarget section */
		2283462E1F0D3DC300BC84B9 /* Pokedex */ = {
			isa = PBXNativeTarget;
			buildConfigurationList = 228346411F0D3DC300BC84B9 /* Build configuration list for PBXNativeTarget "Pokedex" */;
			buildPhases = (
				D2DA9EB4D81D995B54F8AF31 /* [CP] Check Pods Manifest.lock */,
				2283462B1F0D3DC300BC84B9 /* Sources */,
				2283462C1F0D3DC300BC84B9 /* Frameworks */,
				2283462D1F0D3DC300BC84B9 /* Resources */,
				7F383172563894404C39F39E /* [CP] Embed Pods Frameworks */,
				D2CC7FDCF6DEB861842AA273 /* [CP] Copy Pods Resources */,
			);
			buildRules = (
			);
			dependencies = (
			);
			name = Pokedex;
			productName = Pokedex;
			productReference = 2283462F1F0D3DC300BC84B9 /* Pokedex.app */;
			productType = "com.apple.product-type.application";
		};
/* End PBXNativeTarget section */

/* Begin PBXProject section */
		228346271F0D3DC300BC84B9 /* Project object */ = {
			isa = PBXProject;
			attributes = {
				LastSwiftUpdateCheck = 0830;
				LastUpgradeCheck = 0830;
				ORGANIZATIONNAME = "Simmons, Bryce";
				TargetAttributes = {
					2283462E1F0D3DC300BC84B9 = {
						CreatedOnToolsVersion = 8.3.3;
						LastSwiftMigration = 0830;
						ProvisioningStyle = Automatic;
					};
				};
			};
			buildConfigurationList = 2283462A1F0D3DC300BC84B9 /* Build configuration list for PBXProject "Pokedex" */;
			compatibilityVersion = "Xcode 3.2";
			developmentRegion = English;
			hasScannedForEncodings = 0;
			knownRegions = (
				en,
				Base,
			);
			mainGroup = 228346261F0D3DC300BC84B9;
			productRefGroup = 228346301F0D3DC300BC84B9 /* Products */;
			projectDirPath = "";
			projectRoot = "";
			targets = (
				2283462E1F0D3DC300BC84B9 /* Pokedex */,
			);
		};
/* End PBXProject section */

/* Begin PBXResourcesBuildPhase section */
		2283462D1F0D3DC300BC84B9 /* Resources */ = {
			isa = PBXResourcesBuildPhase;
			buildActionMask = 2147483647;
			files = (
				2283464F1F0D54EA00BC84B9 /* pokemon.ttf in Resources */,
				2283463D1F0D3DC300BC84B9 /* LaunchScreen.storyboard in Resources */,
				2283463A1F0D3DC300BC84B9 /* Assets.xcassets in Resources */,
				228346451F0D42F100BC84B9 /* pokemon.csv in Resources */,
				228346541F0D569B00BC84B9 /* music.mp3 in Resources */,
				228346381F0D3DC300BC84B9 /* Main.storyboard in Resources */,
			);
			runOnlyForDeploymentPostprocessing = 0;
		};
/* End PBXResourcesBuildPhase section */

/* Begin PBXShellScriptBuildPhase section */
		7F383172563894404C39F39E /* [CP] Embed Pods Frameworks */ = {
			isa = PBXShellScriptBuildPhase;
			buildActionMask = 2147483647;
			files = (
			);
			inputPaths = (
			);
			name = "[CP] Embed Pods Frameworks";
			outputPaths = (
			);
			runOnlyForDeploymentPostprocessing = 0;
			shellPath = /bin/sh;
			shellScript = "\"${SRCROOT}/Pods/Target Support Files/Pods-Pokedex/Pods-Pokedex-frameworks.sh\"\n";
			showEnvVarsInLog = 0;
		};
		D2CC7FDCF6DEB861842AA273 /* [CP] Copy Pods Resources */ = {
			isa = PBXShellScriptBuildPhase;
			buildActionMask = 2147483647;
			files = (
			);
			inputPaths = (
			);
			name = "[CP] Copy Pods Resources";
			outputPaths = (
			);
			runOnlyForDeploymentPostprocessing = 0;
			shellPath = /bin/sh;
			shellScript = "\"${SRCROOT}/Pods/Target Support Files/Pods-Pokedex/Pods-Pokedex-resources.sh\"\n";
			showEnvVarsInLog = 0;
		};
		D2DA9EB4D81D995B54F8AF31 /* [CP] Check Pods Manifest.lock */ = {
			isa = PBXShellScriptBuildPhase;
			buildActionMask = 2147483647;
			files = (
			);
			inputPaths = (
			);
			name = "[CP] Check Pods Manifest.lock";
			outputPaths = (
			);
			runOnlyForDeploymentPostprocessing = 0;
			shellPath = /bin/sh;
			shellScript = "diff \"${PODS_PODFILE_DIR_PATH}/Podfile.lock\" \"${PODS_ROOT}/Manifest.lock\" > /dev/null\nif [ $? != 0 ] ; then\n    # print error to STDERR\n    echo \"error: The sandbox is not in sync with the Podfile.lock. Run 'pod install' or update your CocoaPods installation.\" >&2\n    exit 1\nfi\n";
			showEnvVarsInLog = 0;
		};
/* End PBXShellScriptBuildPhase section */

/* Begin PBXSourcesBuildPhase section */
		2283462B1F0D3DC300BC84B9 /* Sources */ = {
			isa = PBXSourcesBuildPhase;
			buildActionMask = 2147483647;
			files = (
				2283464B1F0D48F500BC84B9 /* PokeCell.swift in Sources */,
				228346351F0D3DC300BC84B9 /* ViewController.swift in Sources */,
				228346331F0D3DC300BC84B9 /* AppDelegate.swift in Sources */,
				228346561F0D61EE00BC84B9 /* PokemonDetailVC.swift in Sources */,
				228346581F0FC88600BC84B9 /* Constants.swift in Sources */,
				228346481F0D43FF00BC84B9 /* Pokemon.swift in Sources */,
				2283464D1F0D512E00BC84B9 /* csv.swift in Sources */,
			);
			runOnlyForDeploymentPostprocessing = 0;
		};
/* End PBXSourcesBuildPhase section */

/* Begin PBXVariantGroup section */
		228346361F0D3DC300BC84B9 /* Main.storyboard */ = {
			isa = PBXVariantGroup;
			children = (
				228346371F0D3DC300BC84B9 /* Base */,
			);
			name = Main.storyboard;
			sourceTree = "<group>";
		};
		2283463B1F0D3DC300BC84B9 /* LaunchScreen.storyboard */ = {
			isa = PBXVariantGroup;
			children = (
				2283463C1F0D3DC300BC84B9 /* Base */,
			);
			name = LaunchScreen.storyboard;
			sourceTree = "<group>";
		};
/* End PBXVariantGroup section */

/* Begin XCBuildConfiguration section */
		2283463F1F0D3DC300BC84B9 /* Debug */ = {
			isa = XCBuildConfiguration;
			buildSettings = {
				ALWAYS_SEARCH_USER_PATHS = NO;
				CLANG_ANALYZER_NONNULL = YES;
				CLANG_ANALYZER_NUMBER_OBJECT_CONVERSION = YES_AGGRESSIVE;
				CLANG_CXX_LANGUAGE_STANDARD = "gnu++0x";
				CLANG_CXX_LIBRARY = "libc++";
				CLANG_ENABLE_MODULES = YES;
				CLANG_ENABLE_OBJC_ARC = YES;
				CLANG_WARN_BOOL_CONVERSION = YES;
				CLANG_WARN_CONSTANT_CONVERSION = YES;
				CLANG_WARN_DIRECT_OBJC_ISA_USAGE = YES_ERROR;
				CLANG_WARN_DOCUMENTATION_COMMENTS = YES;
				CLANG_WARN_EMPTY_BODY = YES;
				CLANG_WARN_ENUM_CONVERSION = YES;
				CLANG_WARN_INFINITE_RECURSION = YES;
				CLANG_WARN_INT_CONVERSION = YES;
				CLANG_WARN_OBJC_ROOT_CLASS = YES_ERROR;
				CLANG_WARN_SUSPICIOUS_MOVE = YES;
				CLANG_WARN_UNREACHABLE_CODE = YES;
				CLANG_WARN__DUPLICATE_METHOD_MATCH = YES;
				"CODE_SIGN_IDENTITY[sdk=iphoneos*]" = "iPhone Developer";
				COPY_PHASE_STRIP = NO;
				DEBUG_INFORMATION_FORMAT = dwarf;
				ENABLE_STRICT_OBJC_MSGSEND = YES;
				ENABLE_TESTABILITY = YES;
				GCC_C_LANGUAGE_STANDARD = gnu99;
				GCC_DYNAMIC_NO_PIC = NO;
				GCC_NO_COMMON_BLOCKS = YES;
				GCC_OPTIMIZATION_LEVEL = 0;
				GCC_PREPROCESSOR_DEFINITIONS = (
					"DEBUG=1",
					"$(inherited)",
				);
				GCC_WARN_64_TO_32_BIT_CONVERSION = YES;
				GCC_WARN_ABOUT_RETURN_TYPE = YES_ERROR;
				GCC_WARN_UNDECLARED_SELECTOR = YES;
				GCC_WARN_UNINITIALIZED_AUTOS = YES_AGGRESSIVE;
				GCC_WARN_UNUSED_FUNCTION = YES;
				GCC_WARN_UNUSED_VARIABLE = YES;
				IPHONEOS_DEPLOYMENT_TARGET = 10.3;
				MTL_ENABLE_DEBUG_INFO = YES;
				ONLY_ACTIVE_ARCH = YES;
				SDKROOT = iphoneos;
				SWIFT_ACTIVE_COMPILATION_CONDITIONS = DEBUG;
				SWIFT_OPTIMIZATION_LEVEL = "-Onone";
			};
			name = Debug;
		};
		228346401F0D3DC300BC84B9 /* Release */ = {
			isa = XCBuildConfiguration;
			buildSettings = {
				ALWAYS_SEARCH_USER_PATHS = NO;
				CLANG_ANALYZER_NONNULL = YES;
				CLANG_ANALYZER_NUMBER_OBJECT_CONVERSION = YES_AGGRESSIVE;
				CLANG_CXX_LANGUAGE_STANDARD = "gnu++0x";
				CLANG_CXX_LIBRARY = "libc++";
				CLANG_ENABLE_MODULES = YES;
				CLANG_ENABLE_OBJC_ARC = YES;
				CLANG_WARN_BOOL_CONVERSION = YES;
				CLANG_WARN_CONSTANT_CONVERSION = YES;
				CLANG_WARN_DIRECT_OBJC_ISA_USAGE = YES_ERROR;
				CLANG_WARN_DOCUMENTATION_COMMENTS = YES;
				CLANG_WARN_EMPTY_BODY = YES;
				CLANG_WARN_ENUM_CONVERSION = YES;
				CLANG_WARN_INFINITE_RECURSION = YES;
				CLANG_WARN_INT_CONVERSION = YES;
				CLANG_WARN_OBJC_ROOT_CLASS = YES_ERROR;
				CLANG_WARN_SUSPICIOUS_MOVE = YES;
				CLANG_WARN_UNREACHABLE_CODE = YES;
				CLANG_WARN__DUPLICATE_METHOD_MATCH = YES;
				"CODE_SIGN_IDENTITY[sdk=iphoneos*]" = "iPhone Developer";
				COPY_PHASE_STRIP = NO;
				DEBUG_INFORMATION_FORMAT = "dwarf-with-dsym";
				ENABLE_NS_ASSERTIONS = NO;
				ENABLE_STRICT_OBJC_MSGSEND = YES;
				GCC_C_LANGUAGE_STANDARD = gnu99;
				GCC_NO_COMMON_BLOCKS = YES;
				GCC_WARN_64_TO_32_BIT_CONVERSION = YES;
				GCC_WARN_ABOUT_RETURN_TYPE = YES_ERROR;
				GCC_WARN_UNDECLARED_SELECTOR = YES;
				GCC_WARN_UNINITIALIZED_AUTOS = YES_AGGRESSIVE;
				GCC_WARN_UNUSED_FUNCTION = YES;
				GCC_WARN_UNUSED_VARIABLE = YES;
				IPHONEOS_DEPLOYMENT_TARGET = 10.3;
				MTL_ENABLE_DEBUG_INFO = NO;
				SDKROOT = iphoneos;
				SWIFT_OPTIMIZATION_LEVEL = "-Owholemodule";
				VALIDATE_PRODUCT = YES;
			};
			name = Release;
		};
		228346421F0D3DC300BC84B9 /* Debug */ = {
			isa = XCBuildConfiguration;
			baseConfigurationReference = 52B8A640455EC73257A4FD4D /* Pods-Pokedex.debug.xcconfig */;
			buildSettings = {
				ASSETCATALOG_COMPILER_APPICON_NAME = AppIcon;
				INFOPLIST_FILE = Pokedex/Info.plist;
				LD_RUNPATH_SEARCH_PATHS = "$(inherited) @executable_path/Frameworks";
				PRODUCT_BUNDLE_IDENTIFIER = com.bs1354.Pokedex;
				PRODUCT_NAME = "$(TARGET_NAME)";
				SWIFT_VERSION = 3.0;
			};
			name = Debug;
		};
		228346431F0D3DC300BC84B9 /* Release */ = {
			isa = XCBuildConfiguration;
			baseConfigurationReference = 9B9DADEE14E8D506DB17571B /* Pods-Pokedex.release.xcconfig */;
			buildSettings = {
				ASSETCATALOG_COMPILER_APPICON_NAME = AppIcon;
				INFOPLIST_FILE = Pokedex/Info.plist;
				LD_RUNPATH_SEARCH_PATHS = "$(inherited) @executable_path/Frameworks";
				PRODUCT_BUNDLE_IDENTIFIER = com.bs1354.Pokedex;
				PRODUCT_NAME = "$(TARGET_NAME)";
				SWIFT_VERSION = 3.0;
			};
			name = Release;
		};
/* End XCBuildConfiguration section */

/* Begin XCConfigurationList section */
		2283462A1F0D3DC300BC84B9 /* Build configuration list for PBXProject "Pokedex" */ = {
			isa = XCConfigurationList;
			buildConfigurations = (
				2283463F1F0D3DC300BC84B9 /* Debug */,
				228346401F0D3DC300BC84B9 /* Release */,
			);
			defaultConfigurationIsVisible = 0;
			defaultConfigurationName = Release;
		};
		228346411F0D3DC300BC84B9 /* Build configuration list for PBXNativeTarget "Pokedex" */ = {
			isa = XCConfigurationList;
			buildConfigurations = (
				228346421F0D3DC300BC84B9 /* Debug */,
				228346431F0D3DC300BC84B9 /* Release */,
			);
			defaultConfigurationIsVisible = 0;
			defaultConfigurationName = Release;
		};
/* End XCConfigurationList section */
	};
	rootObject = 228346271F0D3DC300BC84B9 /* Project object */;
}
